
Microsoft Visual Studio Solution File, Format Version 12.00
# Visual Studio Version 17
VisualStudioVersion = 17.14.35906.104
MinimumVisualStudioVersion = 10.0.40219.1
Project("{FAE04EC0-301F-11D3-BF4B-00C04F79EFBC}") = "Keycloak.Authentication", "Keycloak.Authentication\Keycloak.Authentication.csproj", "{832BA98F-5200-4DA7-8DAD-B53309A2446A}"
EndProject
Project("{FAE04EC0-301F-11D3-BF4B-00C04F79EFBC}") = "Keycloak.TestApi", "Keycloak.TestApi\Keycloak.TestApi.csproj", "{27B8BE8C-1334-4E1F-97F6-D54C3B1A712F}"
EndProject
Project("{FAE04EC0-301F-11D3-BF4B-00C04F79EFBC}") = "ServiceB", "ServiceB\ServiceB.csproj", "{0B329700-8ED2-48F6-8A11-FAA9766C5274}"
EndProject
Global
	GlobalSection(SolutionConfigurationPlatforms) = preSolution
		Debug|Any CPU = Debug|Any CPU
		Release|Any CPU = Release|Any CPU
	EndGlobalSection
	GlobalSection(ProjectConfigurationPlatforms) = postSolution
		{832BA98F-5200-4DA7-8DAD-B53309A2446A}.Debug|Any CPU.ActiveCfg = Debug|Any CPU
		{832BA98F-5200-4DA7-8DAD-B53309A2446A}.Debug|Any CPU.Build.0 = Debug|Any CPU
		{832BA98F-5200-4DA7-8DAD-B53309A2446A}.Release|Any CPU.ActiveCfg = Release|Any CPU
		{832BA98F-5200-4DA7-8DAD-B53309A2446A}.Release|Any CPU.Build.0 = Release|Any CPU
		{27B8BE8C-1334-4E1F-97F6-D54C3B1A712F}.Debug|Any CPU.ActiveCfg = Debug|Any CPU
		{27B8BE8C-1334-4E1F-97F6-D54C3B1A712F}.Debug|Any CPU.Build.0 = Debug|Any CPU
		{27B8BE8C-1334-4E1F-97F6-D54C3B1A712F}.Release|Any CPU.ActiveCfg = Release|Any CPU
		{27B8BE8C-1334-4E1F-97F6-D54C3B1A712F}.Release|Any CPU.Build.0 = Release|Any CPU
		{0B329700-8ED2-48F6-8A11-FAA9766C5274}.Debug|Any CPU.ActiveCfg = Debug|Any CPU
		{0B329700-8ED2-48F6-8A11-FAA9766C5274}.Debug|Any CPU.Build.0 = Debug|Any CPU
		{0B329700-8ED2-48F6-8A11-FAA9766C5274}.Release|Any CPU.ActiveCfg = Release|Any CPU
		{0B329700-8ED2-48F6-8A11-FAA9766C5274}.Release|Any CPU.Build.0 = Release|Any CPU
	EndGlobalSection
	GlobalSection(SolutionProperties) = preSolution
		HideSolutionNode = FALSE
	EndGlobalSection
	GlobalSection(ExtensibilityGlobals) = postSolution
		SolutionGuid = {2DF51210-C9B5-4D41-B95F-F2990BA7FA11}
	EndGlobalSection
EndGlobal
